PODS:
  - BigInt (5.0.0)
  - web3.swift (0.3.3):
    - BigInt (~> 5.0.0)

DEPENDENCIES:
  - web3.swift

SPEC REPOS:
  trunk:
    - BigInt
    - web3.swift

SPEC CHECKSUMS:
  BigInt: 74b4d88367b0e819d9f77393549226d36faeb0d8
  web3.swift: 74aa77b3eae2f3cfeeba9d52873b3c7e19ea7627

PODFILE CHECKSUM: 1462798a27c38e83d9b04b9aab50af2f2cb34a03

COCOAPODS: 1.8.4
